
Microsoft Visual Studio Solution File, Format Version 12.00
# Visual Studio Version 18
VisualStudioVersion = 18.3.11415.281 d18.3
MinimumVisualStudioVersion = 10.0.40219.1
Project("{FAE04EC0-301F-11D3-BF4B-00C04F79EFBC}") = "Tesserae.Monaco", "Tesserae.Monaco\Tesserae.Monaco.csproj", "{EE70B87E-FA74-430E-ACBB-D3C09D0BAFEA}"
EndProject
Project("{FAE04EC0-301F-11D3-BF4B-00C04F79EFBC}") = "Tesserae.Monaco.Sample", "Tesserae.Monaco.Sample\Tesserae.Monaco.Sample.csproj", "{61F19784-3A6F-45C8-8F0C-92420737D244}"
EndProject
Project("{2150E333-8FDC-42A3-9474-1A3956D46DE8}") = "DevOps", "DevOps", "{87D45D46-AC3B-4A92-9D70-20B073A55074}"
	ProjectSection(SolutionItems) = preProject
		.azure-devops\build-nuget-transpose.yml = .azure-devops\build-nuget-transpose.yml
	EndProjectSection
EndProject
Global
	GlobalSection(SolutionConfigurationPlatforms) = preSolution
		Debug|Any CPU = Debug|Any CPU
		Release|Any CPU = Release|Any CPU
	EndGlobalSection
	GlobalSection(ProjectConfigurationPlatforms) = postSolution
		{EE70B87E-FA74-430E-ACBB-D3C09D0BAFEA}.Debug|Any CPU.ActiveCfg = Debug|Any CPU
		{EE70B87E-FA74-430E-ACBB-D3C09D0BAFEA}.Debug|Any CPU.Build.0 = Debug|Any CPU
		{EE70B87E-FA74-430E-ACBB-D3C09D0BAFEA}.Release|Any CPU.ActiveCfg = Release|Any CPU
		{EE70B87E-FA74-430E-ACBB-D3C09D0BAFEA}.Release|Any CPU.Build.0 = Release|Any CPU
		{61F19784-3A6F-45C8-8F0C-92420737D244}.Debug|Any CPU.ActiveCfg = Debug|Any CPU
		{61F19784-3A6F-45C8-8F0C-92420737D244}.Debug|Any CPU.Build.0 = Debug|Any CPU
		{61F19784-3A6F-45C8-8F0C-92420737D244}.Release|Any CPU.ActiveCfg = Release|Any CPU
		{61F19784-3A6F-45C8-8F0C-92420737D244}.Release|Any CPU.Build.0 = Release|Any CPU
	EndGlobalSection
	GlobalSection(SolutionProperties) = preSolution
		HideSolutionNode = FALSE
	EndGlobalSection
	GlobalSection(ExtensibilityGlobals) = postSolution
		SolutionGuid = {F4498587-148B-4417-AF79-270878D3EB1E}
	EndGlobalSection
EndGlobal
